# THIS IS AN AUTOGENERATED FILE. DO NOT EDIT THIS FILE DIRECTLY.
# yarn lockfile v1


"@types/aws-lambda@^8.10.92":
  version "8.10.134"
  resolved "https://registry.yarnpkg.com/@types/aws-lambda/-/aws-lambda-8.10.134.tgz#8f65d86736839889194f7892b7bec6b8a7ec6fc3"
  integrity sha512-cfv422ivDMO+EeA3N4YcshbTHBL+5lLXe+Uz+4HXvIcsCuWvqNFpOs28ZprL8NA3qRCzt95ETiNAJDn4IcC/PA==
